
Microsoft Visual Studio Solution File, Format Version 12.00
# Visual Studio Version 17
VisualStudioVersion = 17.7.34031.279
MinimumVisualStudioVersion = 10.0.40219.1
Project("{FAE04EC0-301F-11D3-BF4B-00C04F79EFBC}") = "Prob03_semna05", "Prob03_semna05.csproj", "{038CB746-67EB-428E-8029-EB28AA03961E}"
EndProject
Global
	GlobalSection(SolutionConfigurationPlatforms) = preSolution
		Debug|Any CPU = Debug|Any CPU
		Release|Any CPU = Release|Any CPU
	EndGlobalSection
	GlobalSection(ProjectConfigurationPlatforms) = postSolution
		{038CB746-67EB-428E-8029-EB28AA03961E}.Debug|Any CPU.ActiveCfg = Debug|Any CPU
		{038CB746-67EB-428E-8029-EB28AA03961E}.Debug|Any CPU.Build.0 = Debug|Any CPU
		{038CB746-67EB-428E-8029-EB28AA03961E}.Release|Any CPU.ActiveCfg = Release|Any CPU
		{038CB746-67EB-428E-8029-EB28AA03961E}.Release|Any CPU.Build.0 = Release|Any CPU
	EndGlobalSection
	GlobalSection(SolutionProperties) = preSolution
		HideSolutionNode = FALSE
	EndGlobalSection
	GlobalSection(ExtensibilityGlobals) = postSolution
		SolutionGuid = {A7003A2A-15EE-4C46-860B-7A528E622FB2}
	EndGlobalSection
EndGlobal
